// !$*UTF8*$!
{
	archiveVersion = 1;
	classes = {
	};
	objectVersion = 55;
	objects = {

/* Begin PBXBuildFile section */
		183EE4F783E9AA0E168CD881 /* Pods_InstagramTests.framework in Frameworks */ = {isa = PBXBuildFile; fileRef = 0D68997E43761E2DD80A6FEC /* Pods_InstagramTests.framework */; };
		94089ED228FA87E900BA0977 /* LoginViewController.swift in Sources */ = {isa = PBXBuildFile; fileRef = 94089ED128FA87E900BA0977 /* LoginViewController.swift */; };
		94089ED428FA880700BA0977 /* FeedViewController.swift in Sources */ = {isa = PBXBuildFile; fileRef = 94089ED328FA880700BA0977 /* FeedViewController.swift */; };
		9484528A28FA77F80029D6D1 /* AppDelegate.swift in Sources */ = {isa = PBXBuildFile; fileRef = 9484528928FA77F80029D6D1 /* AppDelegate.swift */; };
		9484528C28FA77F80029D6D1 /* SceneDelegate.swift in Sources */ = {isa = PBXBuildFile; fileRef = 9484528B28FA77F80029D6D1 /* SceneDelegate.swift */; };
		9484529128FA77F80029D6D1 /* Main.storyboard in Resources */ = {isa = PBXBuildFile; fileRef = 9484528F28FA77F80029D6D1 /* Main.storyboard */; };
		9484529328FA77FB0029D6D1 /* Assets.xcassets in Resources */ = {isa = PBXBuildFile; fileRef = 9484529228FA77FB0029D6D1 /* Assets.xcassets */; };
		9484529628FA77FB0029D6D1 /* LaunchScreen.storyboard in Resources */ = {isa = PBXBuildFile; fileRef = 9484529428FA77FB0029D6D1 /* LaunchScreen.storyboard */; };
		948452A128FA77FB0029D6D1 /* InstagramTests.swift in Sources */ = {isa = PBXBuildFile; fileRef = 948452A028FA77FB0029D6D1 /* InstagramTests.swift */; };
		948452AB28FA77FB0029D6D1 /* InstagramUITests.swift in Sources */ = {isa = PBXBuildFile; fileRef = 948452AA28FA77FB0029D6D1 /* InstagramUITests.swift */; };
		948452AD28FA77FB0029D6D1 /* InstagramUITestsLaunchTests.swift in Sources */ = {isa = PBXBuildFile; fileRef = 948452AC28FA77FB0029D6D1 /* InstagramUITestsLaunchTests.swift */; };
		94C4AECB28FD1C68003815D8 /* CameraViewController.swift in Sources */ = {isa = PBXBuildFile; fileRef = 94C4AECA28FD1C68003815D8 /* CameraViewController.swift */; };
		94C4AECD28FD2A69003815D8 /* PostCell.swift in Sources */ = {isa = PBXBuildFile; fileRef = 94C4AECC28FD2A69003815D8 /* PostCell.swift */; };
		A4CD7DE7295F2D868574D07C /* Pods_Instagram_InstagramUITests.framework in Frameworks */ = {isa = PBXBuildFile; fileRef = 08B7CB853BF3A79CBA73DE2F /* Pods_Instagram_InstagramUITests.framework */; };
		F6A2720DBDEEAE8BBBA5A95E /* Pods_Instagram.framework in Frameworks */ = {isa = PBXBuildFile; fileRef = 817722580870FF51173F5921 /* Pods_Instagram.framework */; };
/* End PBXBuildFile section */

/* Begin PBXContainerItemProxy section */
		9484529D28FA77FB0029D6D1 /* PBXContainerItemProxy */ = {
			isa = PBXContainerItemProxy;
			containerPortal = 9484527E28FA77F80029D6D1 /* Project object */;
			proxyType = 1;
			remoteGlobalIDString = 9484528528FA77F80029D6D1;
			remoteInfo = Instagram;
		};
		948452A728FA77FB0029D6D1 /* PBXContainerItemProxy */ = {
			isa = PBXContainerItemProxy;
			containerPortal = 9484527E28FA77F80029D6D1 /* Project object */;
			proxyType = 1;
			remoteGlobalIDString = 9484528528FA77F80029D6D1;
			remoteInfo = Instagram;
		};
/* End PBXContainerItemProxy section */

/* Begin PBXFileReference section */
		08B7CB853BF3A79CBA73DE2F /* Pods_Instagram_InstagramUITests.framework */ = {isa = PBXFileReference; explicitFileType = wrapper.framework; includeInIndex = 0; path = Pods_Instagram_InstagramUITests.framework; sourceTree = BUILT_PRODUCTS_DIR; };
		0D68997E43761E2DD80A6FEC /* Pods_InstagramTests.framework */ = {isa = PBXFileReference; explicitFileType = wrapper.framework; includeInIndex = 0; path = Pods_InstagramTests.framework; sourceTree = BUILT_PRODUCTS_DIR; };
		277CA6A31109FF21C66F00B4 /* Pods-Instagram.debug.xcconfig */ = {isa = PBXFileReference; includeInIndex = 1; lastKnownFileType = text.xcconfig; name = "Pods-Instagram.debug.xcconfig"; path = "Target Support Files/Pods-Instagram/Pods-Instagram.debug.xcconfig"; sourceTree = "<group>"; };
		57E7EDD0548C2BF2665C967A /* Pods-InstagramTests.release.xcconfig */ = {isa = PBXFileReference; includeInIndex = 1; lastKnownFileType = text.xcconfig; name = "Pods-InstagramTests.release.xcconfig"; path = "Target Support Files/Pods-InstagramTests/Pods-InstagramTests.release.xcconfig"; sourceTree = "<group>"; };
		817722580870FF51173F5921 /* Pods_Instagram.framework */ = {isa = PBXFileReference; explicitFileType = wrapper.framework; includeInIndex = 0; path = Pods_Instagram.framework; sourceTree = BUILT_PRODUCTS_DIR; };
		94089ED128FA87E900BA0977 /* LoginViewController.swift */ = {isa = PBXFileReference; lastKnownFileType = sourcecode.swift; path = LoginViewController.swift; sourceTree = "<group>"; };
		94089ED328FA880700BA0977 /* FeedViewController.swift */ = {isa = PBXFileReference; lastKnownFileType = sourcecode.swift; path = FeedViewController.swift; sourceTree = "<group>"; };
		9484528628FA77F80029D6D1 /* Instagram.app */ = {isa = PBXFileReference; explicitFileType = wrapper.application; includeInIndex = 0; path = Instagram.app; sourceTree = BUILT_PRODUCTS_DIR; };
		9484528928FA77F80029D6D1 /* AppDelegate.swift */ = {isa = PBXFileReference; lastKnownFileType = sourcecode.swift; path = AppDelegate.swift; sourceTree = "<group>"; };
		9484528B28FA77F80029D6D1 /* SceneDelegate.swift */ = {isa = PBXFileReference; lastKnownFileType = sourcecode.swift; path = SceneDelegate.swift; sourceTree = "<group>"; };
		9484529028FA77F80029D6D1 /* Base */ = {isa = PBXFileReference; lastKnownFileType = file.storyboard; name = Base; path = Base.lproj/Main.storyboard; sourceTree = "<group>"; };
		9484529228FA77FB0029D6D1 /* Assets.xcassets */ = {isa = PBXFileReference; lastKnownFileType = folder.assetcatalog; path = Assets.xcassets; sourceTree = "<group>"; };
		9484529528FA77FB0029D6D1 /* Base */ = {isa = PBXFileReference; lastKnownFileType = file.storyboard; name = Base; path = Base.lproj/LaunchScreen.storyboard; sourceTree = "<group>"; };
		9484529728FA77FB0029D6D1 /* Info.plist */ = {isa = PBXFileReference; lastKnownFileType = text.plist.xml; path = Info.plist; sourceTree = "<group>"; };
		9484529C28FA77FB0029D6D1 /* InstagramTests.xctest */ = {isa = PBXFileReference; explicitFileType = wrapper.cfbundle; includeInIndex = 0; path = InstagramTests.xctest; sourceTree = BUILT_PRODUCTS_DIR; };
		948452A028FA77FB0029D6D1 /* InstagramTests.swift */ = {isa = PBXFileReference; lastKnownFileType = sourcecode.swift; path = InstagramTests.swift; sourceTree = "<group>"; };
		948452A628FA77FB0029D6D1 /* InstagramUITests.xctest */ = {isa = PBXFileReference; explicitFileType = wrapper.cfbundle; includeInIndex = 0; path = InstagramUITests.xctest; sourceTree = BUILT_PRODUCTS_DIR; };
		948452AA28FA77FB0029D6D1 /* InstagramUITests.swift */ = {isa = PBXFileReference; lastKnownFileType = sourcecode.swift; path = InstagramUITests.swift; sourceTree = "<group>"; };
		948452AC28FA77FB0029D6D1 /* InstagramUITestsLaunchTests.swift */ = {isa = PBXFileReference; lastKnownFileType = sourcecode.swift; path = InstagramUITestsLaunchTests.swift; sourceTree = "<group>"; };
		94C4AECA28FD1C68003815D8 /* CameraViewController.swift */ = {isa = PBXFileReference; lastKnownFileType = sourcecode.swift; path = CameraViewController.swift; sourceTree = "<group>"; };
		94C4AECC28FD2A69003815D8 /* PostCell.swift */ = {isa = PBXFileReference; lastKnownFileType = sourcecode.swift; path = PostCell.swift; sourceTree = "<group>"; };
		996EFE0E422A952F204F3BB4 /* Pods-InstagramTests.debug.xcconfig */ = {isa = PBXFileReference; includeInIndex = 1; lastKnownFileType = text.xcconfig; name = "Pods-InstagramTests.debug.xcconfig"; path = "Target Support Files/Pods-InstagramTests/Pods-InstagramTests.debug.xcconfig"; sourceTree = "<group>"; };
		D4B885FC06E5CAFEA1B09FAD /* Pods-Instagram-InstagramUITests.debug.xcconfig */ = {isa = PBXFileReference; includeInIndex = 1; lastKnownFileType = text.xcconfig; name = "Pods-Instagram-InstagramUITests.debug.xcconfig"; path = "Target Support Files/Pods-Instagram-InstagramUITests/Pods-Instagram-InstagramUITests.debug.xcconfig"; sourceTree = "<group>"; };
		EEFB0F84DCAEC0D40BACC440 /* Pods-Instagram.release.xcconfig */ = {isa = PBXFileReference; includeInIndex = 1; lastKnownFileType = text.xcconfig; name = "Pods-Instagram.release.xcconfig"; path = "Target Support Files/Pods-Instagram/Pods-Instagram.release.xcconfig"; sourceTree = "<group>"; };
		F7CEF56F633A5E6550E84E72 /* Pods-Instagram-InstagramUITests.release.xcconfig */ = {isa = PBXFileReference; includeInIndex = 1; lastKnownFileType = text.xcconfig; name = "Pods-Instagram-InstagramUITests.release.xcconfig"; path = "Target Support Files/Pods-Instagram-InstagramUITests/Pods-Instagram-InstagramUITests.release.xcconfig"; sourceTree = "<group>"; };
/* End PBXFileReference section */

/* Begin PBXFrameworksBuildPhase section */
		9484528328FA77F80029D6D1 /* Frameworks */ = {
			isa = PBXFrameworksBuildPhase;
			buildActionMask = 2147483647;
			files = (
				F6A2720DBDEEAE8BBBA5A95E /* Pods_Instagram.framework in Frameworks */,
			);
			runOnlyForDeploymentPostprocessing = 0;
		};
		9484529928FA77FB0029D6D1 /* Frameworks */ = {
			isa = PBXFrameworksBuildPhase;
			buildActionMask = 2147483647;
			files = (
				183EE4F783E9AA0E168CD881 /* Pods_InstagramTests.framework in Frameworks */,
			);
			runOnlyForDeploymentPostprocessing = 0;
		};
		948452A328FA77FB0029D6D1 /* Frameworks */ = {
			isa = PBXFrameworksBuildPhase;
			buildActionMask = 2147483647;
			files = (
				A4CD7DE7295F2D868574D07C /* Pods_Instagram_InstagramUITests.framework in Frameworks */,
			);
			runOnlyForDeploymentPostprocessing = 0;
		};
/* End PBXFrameworksBuildPhase section */

/* Begin PBXGroup section */
		9484527D28FA77F80029D6D1 = {
			isa = PBXGroup;
			children = (
				9484528828FA77F80029D6D1 /* Instagram */,
				9484529F28FA77FB0029D6D1 /* InstagramTests */,
				948452A928FA77FB0029D6D1 /* InstagramUITests */,
				9484528728FA77F80029D6D1 /* Products */,
				BA55916BB57CF60515BB0870 /* Pods */,
				C87289D0920297595D423F22 /* Frameworks */,
			);
			sourceTree = "<group>";
		};
		9484528728FA77F80029D6D1 /* Products */ = {
			isa = PBXGroup;
			children = (
				9484528628FA77F80029D6D1 /* Instagram.app */,
				9484529C28FA77FB0029D6D1 /* InstagramTests.xctest */,
				948452A628FA77FB0029D6D1 /* InstagramUITests.xctest */,
			);
			name = Products;
			sourceTree = "<group>";
		};
		9484528828FA77F80029D6D1 /* Instagram */ = {
			isa = PBXGroup;
			children = (
				9484528928FA77F80029D6D1 /* AppDelegate.swift */,
				9484528B28FA77F80029D6D1 /* SceneDelegate.swift */,
				9484528F28FA77F80029D6D1 /* Main.storyboard */,
				9484529228FA77FB0029D6D1 /* Assets.xcassets */,
				9484529428FA77FB0029D6D1 /* LaunchScreen.storyboard */,
				9484529728FA77FB0029D6D1 /* Info.plist */,
				94089ED128FA87E900BA0977 /* LoginViewController.swift */,
				94089ED328FA880700BA0977 /* FeedViewController.swift */,
				94C4AECA28FD1C68003815D8 /* CameraViewController.swift */,
				94C4AECC28FD2A69003815D8 /* PostCell.swift */,
			);
			path = Instagram;
			sourceTree = "<group>";
		};
		9484529F28FA77FB0029D6D1 /* InstagramTests */ = {
			isa = PBXGroup;
			children = (
				948452A028FA77FB0029D6D1 /* InstagramTests.swift */,
			);
			path = InstagramTests;
			sourceTree = "<group>";
		};
		948452A928FA77FB0029D6D1 /* InstagramUITests */ = {
			isa = PBXGroup;
			children = (
				948452AA28FA77FB0029D6D1 /* InstagramUITests.swift */,
				948452AC28FA77FB0029D6D1 /* InstagramUITestsLaunchTests.swift */,
			);
			path = InstagramUITests;
			sourceTree = "<group>";
		};
		BA55916BB57CF60515BB0870 /* Pods */ = {
			isa = PBXGroup;
			children = (
				277CA6A31109FF21C66F00B4 /* Pods-Instagram.debug.xcconfig */,
				EEFB0F84DCAEC0D40BACC440 /* Pods-Instagram.release.xcconfig */,
				D4B885FC06E5CAFEA1B09FAD /* Pods-Instagram-InstagramUITests.debug.xcconfig */,
				F7CEF56F633A5E6550E84E72 /* Pods-Instagram-InstagramUITests.release.xcconfig */,
				996EFE0E422A952F204F3BB4 /* Pods-InstagramTests.debug.xcconfig */,
				57E7EDD0548C2BF2665C967A /* Pods-InstagramTests.release.xcconfig */,
			);
			path = Pods;
			sourceTree = "<group>";
		};
		C87289D0920297595D423F22 /* Frameworks */ = {
			isa = PBXGroup;
			children = (
				817722580870FF51173F5921 /* Pods_Instagram.framework */,
				08B7CB853BF3A79CBA73DE2F /* Pods_Instagram_InstagramUITests.framework */,
				0D68997E43761E2DD80A6FEC /* Pods_InstagramTests.framework */,
			);
			name = Frameworks;
			sourceTree = "<group>";
		};
/* End PBXGroup section */

/* Begin PBXNativeTarget section */
		9484528528FA77F80029D6D1 /* Instagram */ = {
			isa = PBXNativeTarget;
			buildConfigurationList = 948452B028FA77FB0029D6D1 /* Build configuration list for PBXNativeTarget "Instagram" */;
			buildPhases = (
				6B7ACBF1D5B54885AFEE87E8 /* [CP] Check Pods Manifest.lock */,
				9484528228FA77F80029D6D1 /* Sources */,
				9484528328FA77F80029D6D1 /* Frameworks */,
				9484528428FA77F80029D6D1 /* Resources */,
				E98BB013D1B5CBEA11BACF1F /* [CP] Embed Pods Frameworks */,
			);
			buildRules = (
			);
			dependencies = (
			);
			name = Instagram;
			productName = Instagram;
			productReference = 9484528628FA77F80029D6D1 /* Instagram.app */;
			productType = "com.apple.product-type.application";
		};
		9484529B28FA77FB0029D6D1 /* InstagramTests */ = {
			isa = PBXNativeTarget;
			buildConfigurationList = 948452B328FA77FB0029D6D1 /* Build configuration list for PBXNativeTarget "InstagramTests" */;
			buildPhases = (
				D872B96871A4C48DC4F7FA4B /* [CP] Check Pods Manifest.lock */,
				9484529828FA77FB0029D6D1 /* Sources */,
				9484529928FA77FB0029D6D1 /* Frameworks */,
				9484529A28FA77FB0029D6D1 /* Resources */,
			);
			buildRules = (
			);
			dependencies = (
				9484529E28FA77FB0029D6D1 /* PBXTargetDependency */,
			);
			name = InstagramTests;
			productName = InstagramTests;
			productReference = 9484529C28FA77FB0029D6D1 /* InstagramTests.xctest */;
			productType = "com.apple.product-type.bundle.unit-test";
		};
		948452A528FA77FB0029D6D1 /* InstagramUITests */ = {
			isa = PBXNativeTarget;
			buildConfigurationList = 948452B628FA77FB0029D6D1 /* Build configuration list for PBXNativeTarget "InstagramUITests" */;
			buildPhases = (
				851BDF25F96C74E1A5BDFB01 /* [CP] Check Pods Manifest.lock */,
				948452A228FA77FB0029D6D1 /* Sources */,
				948452A328FA77FB0029D6D1 /* Frameworks */,
				948452A428FA77FB0029D6D1 /* Resources */,
				34D6647337AE3428A89C6751 /* [CP] Embed Pods Frameworks */,
			);
			buildRules = (
			);
			dependencies = (
				948452A828FA77FB0029D6D1 /* PBXTargetDependency */,
			);
			name = InstagramUITests;
			productName = InstagramUITests;
			productReference = 948452A628FA77FB0029D6D1 /* InstagramUITests.xctest */;
			productType = "com.apple.product-type.bundle.ui-testing";
		};
/* End PBXNativeTarget section */

/* Begin PBXProject section */
		9484527E28FA77F80029D6D1 /* Project object */ = {
			isa = PBXProject;
			attributes = {
				BuildIndependentTargetsInParallel = 1;
				LastSwiftUpdateCheck = 1340;
				LastUpgradeCheck = 1340;
				TargetAttributes = {
					9484528528FA77F80029D6D1 = {
						CreatedOnToolsVersion = 13.4.1;
					};
					9484529B28FA77FB0029D6D1 = {
						CreatedOnToolsVersion = 13.4.1;
						TestTargetID = 9484528528FA77F80029D6D1;
					};
					948452A528FA77FB0029D6D1 = {
						CreatedOnToolsVersion = 13.4.1;
						TestTargetID = 9484528528FA77F80029D6D1;
					};
				};
			};
			buildConfigurationList = 9484528128FA77F80029D6D1 /* Build configuration list for PBXProject "Instagram" */;
			compatibilityVersion = "Xcode 13.0";
			developmentRegion = en;
			hasScannedForEncodings = 0;
			knownRegions = (
				en,
				Base,
			);
			mainGroup = 9484527D28FA77F80029D6D1;
			productRefGroup = 9484528728FA77F80029D6D1 /* Products */;
			projectDirPath = "";
			projectRoot = "";
			targets = (
				9484528528FA77F80029D6D1 /* Instagram */,
				9484529B28FA77FB0029D6D1 /* InstagramTests */,
				948452A528FA77FB0029D6D1 /* InstagramUITests */,
			);
		};
/* End PBXProject section */

/* Begin PBXResourcesBuildPhase section */
		9484528428FA77F80029D6D1 /* Resources */ = {
			isa = PBXResourcesBuildPhase;
			buildActionMask = 2147483647;
			files = (
				9484529628FA77FB0029D6D1 /* LaunchScreen.storyboard in Resources */,
				9484529328FA77FB0029D6D1 /* Assets.xcassets in Resources */,
				9484529128FA77F80029D6D1 /* Main.storyboard in Resources */,
			);
			runOnlyForDeploymentPostprocessing = 0;
		};
		9484529A28FA77FB0029D6D1 /* Resources */ = {
			isa = PBXResourcesBuildPhase;
			buildActionMask = 2147483647;
			files = (
			);
			runOnlyForDeploymentPostprocessing = 0;
		};
		948452A428FA77FB0029D6D1 /* Resources */ = {
			isa = PBXResourcesBuildPhase;
			buildActionMask = 2147483647;
			files = (
			);
			runOnlyForDeploymentPostprocessing = 0;
		};
/* End PBXResourcesBuildPhase section */

/* Begin PBXShellScriptBuildPhase section */
		34D6647337AE3428A89C6751 /* [CP] Embed Pods Frameworks */ = {
			isa = PBXShellScriptBuildPhase;
			buildActionMask = 2147483647;
			files = (
			);
			inputFileListPaths = (
				"${PODS_ROOT}/Target Support Files/Pods-Instagram-InstagramUITests/Pods-Instagram-InstagramUITests-frameworks-${CONFIGURATION}-input-files.xcfilelist",
			);
			name = "[CP] Embed Pods Frameworks";
			outputFileListPaths = (
				"${PODS_ROOT}/Target Support Files/Pods-Instagram-InstagramUITests/Pods-Instagram-InstagramUITests-frameworks-${CONFIGURATION}-output-files.xcfilelist",
			);
			runOnlyForDeploymentPostprocessing = 0;
			shellPath = /bin/sh;
			shellScript = "\"${PODS_ROOT}/Target Support Files/Pods-Instagram-InstagramUITests/Pods-Instagram-InstagramUITests-frameworks.sh\"\n";
			showEnvVarsInLog = 0;
		};
		6B7ACBF1D5B54885AFEE87E8 /* [CP] Check Pods Manifest.lock */ = {
			isa = PBXShellScriptBuildPhase;
			buildActionMask = 2147483647;
			files = (
			);
			inputFileListPaths = (
			);
			inputPaths = (
				"${PODS_PODFILE_DIR_PATH}/Podfile.lock",
				"${PODS_ROOT}/Manifest.lock",
			);
			name = "[CP] Check Pods Manifest.lock";
			outputFileListPaths = (
			);
			outputPaths = (
				"$(DERIVED_FILE_DIR)/Pods-Instagram-checkManifestLockResult.txt",
			);
			runOnlyForDeploymentPostprocessing = 0;
			shellPath = /bin/sh;
			shellScript = "diff \"${PODS_PODFILE_DIR_PATH}/Podfile.lock\" \"${PODS_ROOT}/Manifest.lock\" > /dev/null\nif [ $? != 0 ] ; then\n    # print error to STDERR\n    echo \"error: The sandbox is not in sync with the Podfile.lock. Run 'pod install' or update your CocoaPods installation.\" >&2\n    exit 1\nfi\n# This output is used by Xcode 'outputs' to avoid re-running this script phase.\necho \"SUCCESS\" > \"${SCRIPT_OUTPUT_FILE_0}\"\n";
			showEnvVarsInLog = 0;
		};
		851BDF25F96C74E1A5BDFB01 /* [CP] Check Pods Manifest.lock */ = {
			isa = PBXShellScriptBuildPhase;
			buildActionMask = 2147483647;
			files = (
			);
			inputFileListPaths = (
			);
			inputPaths = (
				"${PODS_PODFILE_DIR_PATH}/Podfile.lock",
				"${PODS_ROOT}/Manifest.lock",
			);
			name = "[CP] Check Pods Manifest.lock";
			outputFileListPaths = (
			);
			outputPaths = (
				"$(DERIVED_FILE_DIR)/Pods-Instagram-InstagramUITests-checkManifestLockResult.txt",
			);
			runOnlyForDeploymentPostprocessing = 0;
			shellPath = /bin/sh;
			shellScript = "diff \"${PODS_PODFILE_DIR_PATH}/Podfile.lock\" \"${PODS_ROOT}/Manifest.lock\" > /dev/null\nif [ $? != 0 ] ; then\n    # print error to STDERR\n    echo \"error: The sandbox is not in sync with the Podfile.lock. Run 'pod install' or update your CocoaPods installation.\" >&2\n    exit 1\nfi\n# This output is used by Xcode 'outputs' to avoid re-running this script phase.\necho \"SUCCESS\" > \"${SCRIPT_OUTPUT_FILE_0}\"\n";
			showEnvVarsInLog = 0;
		};
		D872B96871A4C48DC4F7FA4B /* [CP] Check Pods Manifest.lock */ = {
			isa = PBXShellScriptBuildPhase;
			buildActionMask = 2147483647;
			files = (
			);
			inputFileListPaths = (
			);
			inputPaths = (
				"${PODS_PODFILE_DIR_PATH}/Podfile.lock",
				"${PODS_ROOT}/Manifest.lock",
			);
			name = "[CP] Check Pods Manifest.lock";
			outputFileListPaths = (
			);
			outputPaths = (
				"$(DERIVED_FILE_DIR)/Pods-InstagramTests-checkManifestLockResult.txt",
			);
			runOnlyForDeploymentPostprocessing = 0;
			shellPath = /bin/sh;
			shellScript = "diff \"${PODS_PODFILE_DIR_PATH}/Podfile.lock\" \"${PODS_ROOT}/Manifest.lock\" > /dev/null\nif [ $? != 0 ] ; then\n    # print error to STDERR\n    echo \"error: The sandbox is not in sync with the Podfile.lock. Run 'pod install' or update your CocoaPods installation.\" >&2\n    exit 1\nfi\n# This output is used by Xcode 'outputs' to avoid re-running this script phase.\necho \"SUCCESS\" > \"${SCRIPT_OUTPUT_FILE_0}\"\n";
			showEnvVarsInLog = 0;
		};
		E98BB013D1B5CBEA11BACF1F /* [CP] Embed Pods Frameworks */ = {
			isa = PBXShellScriptBuildPhase;
			buildActionMask = 2147483647;
			files = (
			);
			inputFileListPaths = (
				"${PODS_ROOT}/Target Support Files/Pods-Instagram/Pods-Instagram-frameworks-${CONFIGURATION}-input-files.xcfilelist",
			);
			name = "[CP] Embed Pods Frameworks";
			outputFileListPaths = (
				"${PODS_ROOT}/Target Support Files/Pods-Instagram/Pods-Instagram-frameworks-${CONFIGURATION}-output-files.xcfilelist",
			);
			runOnlyForDeploymentPostprocessing = 0;
			shellPath = /bin/sh;
			shellScript = "\"${PODS_ROOT}/Target Support Files/Pods-Instagram/Pods-Instagram-frameworks.sh\"\n";
			showEnvVarsInLog = 0;
		};
/* End PBXShellScriptBuildPhase section */

/* Begin PBXSourcesBuildPhase section */
		9484528228FA77F80029D6D1 /* Sources */ = {
			isa = PBXSourcesBuildPhase;
			buildActionMask = 2147483647;
			files = (
				94089ED228FA87E900BA0977 /* LoginViewController.swift in Sources */,
				94C4AECB28FD1C68003815D8 /* CameraViewController.swift in Sources */,
				9484528A28FA77F80029D6D1 /* AppDelegate.swift in Sources */,
				94089ED428FA880700BA0977 /* FeedViewController.swift in Sources */,
				9484528C28FA77F80029D6D1 /* SceneDelegate.swift in Sources */,
				94C4AECD28FD2A69003815D8 /* PostCell.swift in Sources */,
			);
			runOnlyForDeploymentPostprocessing = 0;
		};
		9484529828FA77FB0029D6D1 /* Sources */ = {
			isa = PBXSourcesBuildPhase;
			buildActionMask = 2147483647;
			files = (
				948452A128FA77FB0029D6D1 /* InstagramTests.swift in Sources */,
			);
			runOnlyForDeploymentPostprocessing = 0;
		};
		948452A228FA77FB0029D6D1 /* Sources */ = {
			isa = PBXSourcesBuildPhase;
			buildActionMask = 2147483647;
			files = (
				948452AB28FA77FB0029D6D1 /* InstagramUITests.swift in Sources */,
				948452AD28FA77FB0029D6D1 /* InstagramUITestsLaunchTests.swift in Sources */,
			);
			runOnlyForDeploymentPostprocessing = 0;
		};
/* End PBXSourcesBuildPhase section */

/* Begin PBXTargetDependency section */
		9484529E28FA77FB0029D6D1 /* PBXTargetDependency */ = {
			isa = PBXTargetDependency;
			target = 9484528528FA77F80029D6D1 /* Instagram */;
			targetProxy = 9484529D28FA77FB0029D6D1 /* PBXContainerItemProxy */;
		};
		948452A828FA77FB0029D6D1 /* PBXTargetDependency */ = {
			isa = PBXTargetDependency;
			target = 9484528528FA77F80029D6D1 /* Instagram */;
			targetProxy = 948452A728FA77FB0029D6D1 /* PBXContainerItemProxy */;
		};
/* End PBXTargetDependency section */

/* Begin PBXVariantGroup section */
		9484528F28FA77F80029D6D1 /* Main.storyboard */ = {
			isa = PBXVariantGroup;
			children = (
				9484529028FA77F80029D6D1 /* Base */,
			);
			name = Main.storyboard;
			sourceTree = "<group>";
		};
		9484529428FA77FB0029D6D1 /* LaunchScreen.storyboard */ = {
			isa = PBXVariantGroup;
			children = (
				9484529528FA77FB0029D6D1 /* Base */,
			);
			name = LaunchScreen.storyboard;
			sourceTree = "<group>";
		};
/* End PBXVariantGroup section */

/* Begin XCBuildConfiguration section */
		948452AE28FA77FB0029D6D1 /* Debug */ = {
			isa = XCBuildConfiguration;
			buildSettings = {
				ALWAYS_SEARCH_USER_PATHS = NO;
				CLANG_ANALYZER_NONNULL = YES;
				CLANG_ANALYZER_NUMBER_OBJECT_CONVERSION = YES_AGGRESSIVE;
				CLANG_CXX_LANGUAGE_STANDARD = "gnu++17";
				CLANG_ENABLE_MODULES = YES;
				CLANG_ENABLE_OBJC_ARC = YES;
				CLANG_ENABLE_OBJC_WEAK = YES;
				CLANG_WARN_BLOCK_CAPTURE_AUTORELEASING = YES;
				CLANG_WARN_BOOL_CONVERSION = YES;
				CLANG_WARN_COMMA = YES;
				CLANG_WARN_CONSTANT_CONVERSION = YES;
				CLANG_WARN_DEPRECATED_OBJC_IMPLEMENTATIONS = YES;
				CLANG_WARN_DIRECT_OBJC_ISA_USAGE = YES_ERROR;
				CLANG_WARN_DOCUMENTATION_COMMENTS = YES;
				CLANG_WARN_EMPTY_BODY = YES;
				CLANG_WARN_ENUM_CONVERSION = YES;
				CLANG_WARN_INFINITE_RECURSION = YES;
				CLANG_WARN_INT_CONVERSION = YES;
				CLANG_WARN_NON_LITERAL_NULL_CONVERSION = YES;
				CLANG_WARN_OBJC_IMPLICIT_RETAIN_SELF = YES;
				CLANG_WARN_OBJC_LITERAL_CONVERSION = YES;
				CLANG_WARN_OBJC_ROOT_CLASS = YES_ERROR;
				CLANG_WARN_QUOTED_INCLUDE_IN_FRAMEWORK_HEADER = YES;
				CLANG_WARN_RANGE_LOOP_ANALYSIS = YES;
				CLANG_WARN_STRICT_PROTOTYPES = YES;
				CLANG_WARN_SUSPICIOUS_MOVE = YES;
				CLANG_WARN_UNGUARDED_AVAILABILITY = YES_AGGRESSIVE;
				CLANG_WARN_UNREACHABLE_CODE = YES;
				CLANG_WARN__DUPLICATE_METHOD_MATCH = YES;
				COPY_PHASE_STRIP = NO;
				DEBUG_INFORMATION_FORMAT = dwarf;
				ENABLE_STRICT_OBJC_MSGSEND = YES;
				ENABLE_TESTABILITY = YES;
				GCC_C_LANGUAGE_STANDARD = gnu11;
				GCC_DYNAMIC_NO_PIC = NO;
				GCC_NO_COMMON_BLOCKS = YES;
				GCC_OPTIMIZATION_LEVEL = 0;
				GCC_PREPROCESSOR_DEFINITIONS = (
					"DEBUG=1",
					"$(inherited)",
				);
				GCC_WARN_64_TO_32_BIT_CONVERSION = YES;
				GCC_WARN_ABOUT_RETURN_TYPE = YES_ERROR;
				GCC_WARN_UNDECLARED_SELECTOR = YES;
				GCC_WARN_UNINITIALIZED_AUTOS = YES_AGGRESSIVE;
				GCC_WARN_UNUSED_FUNCTION = YES;
				GCC_WARN_UNUSED_VARIABLE = YES;
				IPHONEOS_DEPLOYMENT_TARGET = 15.5;
				MTL_ENABLE_DEBUG_INFO = INCLUDE_SOURCE;
				MTL_FAST_MATH = YES;
				ONLY_ACTIVE_ARCH = YES;
				SDKROOT = iphoneos;
				SWIFT_ACTIVE_COMPILATION_CONDITIONS = DEBUG;
				SWIFT_OPTIMIZATION_LEVEL = "-Onone";
			};
			name = Debug;
		};
		948452AF28FA77FB0029D6D1 /* Release */ = {
			isa = XCBuildConfiguration;
			buildSettings = {
				ALWAYS_SEARCH_USER_PATHS = NO;
				CLANG_ANALYZER_NONNULL = YES;
				CLANG_ANALYZER_NUMBER_OBJECT_CONVERSION = YES_AGGRESSIVE;
				CLANG_CXX_LANGUAGE_STANDARD = "gnu++17";
				CLANG_ENABLE_MODULES = YES;
				CLANG_ENABLE_OBJC_ARC = YES;
				CLANG_ENABLE_OBJC_WEAK = YES;
				CLANG_WARN_BLOCK_CAPTURE_AUTORELEASING = YES;
				CLANG_WARN_BOOL_CONVERSION = YES;
				CLANG_WARN_COMMA = YES;
				CLANG_WARN_CONSTANT_CONVERSION = YES;
				CLANG_WARN_DEPRECATED_OBJC_IMPLEMENTATIONS = YES;
				CLANG_WARN_DIRECT_OBJC_ISA_USAGE = YES_ERROR;
				CLANG_WARN_DOCUMENTATION_COMMENTS = YES;
				CLANG_WARN_EMPTY_BODY = YES;
				CLANG_WARN_ENUM_CONVERSION = YES;
				CLANG_WARN_INFINITE_RECURSION = YES;
				CLANG_WARN_INT_CONVERSION = YES;
				CLANG_WARN_NON_LITERAL_NULL_CONVERSION = YES;
				CLANG_WARN_OBJC_IMPLICIT_RETAIN_SELF = YES;
				CLANG_WARN_OBJC_LITERAL_CONVERSION = YES;
				CLANG_WARN_OBJC_ROOT_CLASS = YES_ERROR;
				CLANG_WARN_QUOTED_INCLUDE_IN_FRAMEWORK_HEADER = YES;
				CLANG_WARN_RANGE_LOOP_ANALYSIS = YES;
				CLANG_WARN_STRICT_PROTOTYPES = YES;
				CLANG_WARN_SUSPICIOUS_MOVE = YES;
				CLANG_WARN_UNGUARDED_AVAILABILITY = YES_AGGRESSIVE;
				CLANG_WARN_UNREACHABLE_CODE = YES;
				CLANG_WARN__DUPLICATE_METHOD_MATCH = YES;
				COPY_PHASE_STRIP = NO;
				DEBUG_INFORMATION_FORMAT = "dwarf-with-dsym";
				ENABLE_NS_ASSERTIONS = NO;
				ENABLE_STRICT_OBJC_MSGSEND = YES;
				GCC_C_LANGUAGE_STANDARD = gnu11;
				GCC_NO_COMMON_BLOCKS = YES;
				GCC_WARN_64_TO_32_BIT_CONVERSION = YES;
				GCC_WARN_ABOUT_RETURN_TYPE = YES_ERROR;
				GCC_WARN_UNDECLARED_SELECTOR = YES;
				GCC_WARN_UNINITIALIZED_AUTOS = YES_AGGRESSIVE;
				GCC_WARN_UNUSED_FUNCTION = YES;
				GCC_WARN_UNUSED_VARIABLE = YES;
				IPHONEOS_DEPLOYMENT_TARGET = 15.5;
				MTL_ENABLE_DEBUG_INFO = NO;
				MTL_FAST_MATH = YES;
				SDKROOT = iphoneos;
				SWIFT_COMPILATION_MODE = wholemodule;
				SWIFT_OPTIMIZATION_LEVEL = "-O";
				VALIDATE_PRODUCT = YES;
			};
			name = Release;
		};
		948452B128FA77FB0029D6D1 /* Debug */ = {
			isa = XCBuildConfiguration;
			baseConfigurationReference = 277CA6A31109FF21C66F00B4 /* Pods-Instagram.debug.xcconfig */;
			buildSettings = {
				ASSETCATALOG_COMPILER_APPICON_NAME = AppIcon;
				ASSETCATALOG_COMPILER_GLOBAL_ACCENT_COLOR_NAME = AccentColor;
				CODE_SIGN_STYLE = Automatic;
				CURRENT_PROJECT_VERSION = 1;
				DEVELOPMENT_TEAM = 8575R39T49;
				GENERATE_INFOPLIST_FILE = YES;
				INFOPLIST_FILE = Instagram/Info.plist;
				INFOPLIST_KEY_UIApplicationSupportsIndirectInputEvents = YES;
				INFOPLIST_KEY_UILaunchStoryboardName = LaunchScreen;
				INFOPLIST_KEY_UIMainStoryboardFile = Main;
				INFOPLIST_KEY_UISupportedInterfaceOrientations = "UIInterfaceOrientationPortrait UIInterfaceOrientationLandscapeLeft UIInterfaceOrientationLandscapeRight";
				INFOPLIST_KEY_UISupportedInterfaceOrientations_iPad = "UIInterfaceOrientationPortrait UIInterfaceOrientationPortraitUpsideDown UIInterfaceOrientationLandscapeLeft UIInterfaceOrientationLandscapeRight";
				INFOPLIST_KEY_UISupportedInterfaceOrientations_iPhone = "UIInterfaceOrientationPortrait UIInterfaceOrientationLandscapeLeft UIInterfaceOrientationLandscapeRight";
				LD_RUNPATH_SEARCH_PATHS = (
					"$(inherited)",
					"@executable_path/Frameworks",
				);
				MARKETING_VERSION = 1.0;
				PRODUCT_BUNDLE_IDENTIFIER = com.SandraYee001.Instagram;
				PRODUCT_NAME = "$(TARGET_NAME)";
				SWIFT_EMIT_LOC_STRINGS = YES;
				SWIFT_VERSION = 5.0;
				TARGETED_DEVICE_FAMILY = "1,2";
			};
			name = Debug;
		};
		948452B228FA77FB0029D6D1 /* Release */ = {
			isa = XCBuildConfiguration;
			baseConfigurationReference = EEFB0F84DCAEC0D40BACC440 /* Pods-Instagram.release.xcconfig */;
			buildSettings = {
				ASSETCATALOG_COMPILER_APPICON_NAME = AppIcon;
				ASSETCATALOG_COMPILER_GLOBAL_ACCENT_COLOR_NAME = AccentColor;
				CODE_SIGN_STYLE = Automatic;
				CURRENT_PROJECT_VERSION = 1;
				DEVELOPMENT_TEAM = 8575R39T49;
				GENERATE_INFOPLIST_FILE = YES;
				INFOPLIST_FILE = Instagram/Info.plist;
				INFOPLIST_KEY_UIApplicationSupportsIndirectInputEvents = YES;
				INFOPLIST_KEY_UILaunchStoryboardName = LaunchScreen;
				INFOPLIST_KEY_UIMainStoryboardFile = Main;
				INFOPLIST_KEY_UISupportedInterfaceOrientations = "UIInterfaceOrientationPortrait UIInterfaceOrientationLandscapeLeft UIInterfaceOrientationLandscapeRight";
				INFOPLIST_KEY_UISupportedInterfaceOrientations_iPad = "UIInterfaceOrientationPortrait UIInterfaceOrientationPortraitUpsideDown UIInterfaceOrientationLandscapeLeft UIInterfaceOrientationLandscapeRight";
				INFOPLIST_KEY_UISupportedInterfaceOrientations_iPhone = "UIInterfaceOrientationPortrait UIInterfaceOrientationLandscapeLeft UIInterfaceOrientationLandscapeRight";
				LD_RUNPATH_SEARCH_PATHS = (
					"$(inherited)",
					"@executable_path/Frameworks",
				);
				MARKETING_VERSION = 1.0;
				PRODUCT_BUNDLE_IDENTIFIER = com.SandraYee001.Instagram;
				PRODUCT_NAME = "$(TARGET_NAME)";
				SWIFT_EMIT_LOC_STRINGS = YES;
				SWIFT_VERSION = 5.0;
				TARGETED_DEVICE_FAMILY = "1,2";
			};
			name = Release;
		};
		948452B428FA77FB0029D6D1 /* Debug */ = {
			isa = XCBuildConfiguration;
			baseConfigurationReference = 996EFE0E422A952F204F3BB4 /* Pods-InstagramTests.debug.xcconfig */;
			buildSettings = {
				ALWAYS_EMBED_SWIFT_STANDARD_LIBRARIES = YES;
				BUNDLE_LOADER = "$(TEST_HOST)";
				CODE_SIGN_STYLE = Automatic;
				CURRENT_PROJECT_VERSION = 1;
				DEVELOPMENT_TEAM = 8575R39T49;
				GENERATE_INFOPLIST_FILE = YES;
				IPHONEOS_DEPLOYMENT_TARGET = 15.5;
				MARKETING_VERSION = 1.0;
				PRODUCT_BUNDLE_IDENTIFIER = com.SandraYee001.InstagramTests;
				PRODUCT_NAME = "$(TARGET_NAME)";
				SWIFT_EMIT_LOC_STRINGS = NO;
				SWIFT_VERSION = 5.0;
				TARGETED_DEVICE_FAMILY = "1,2";
				TEST_HOST = "$(BUILT_PRODUCTS_DIR)/Instagram.app/Instagram";
			};
			name = Debug;
		};
		948452B528FA77FB0029D6D1 /* Release */ = {
			isa = XCBuildConfiguration;
			baseConfigurationReference = 57E7EDD0548C2BF2665C967A /* Pods-InstagramTests.release.xcconfig */;
			buildSettings = {
				ALWAYS_EMBED_SWIFT_STANDARD_LIBRARIES = YES;
				BUNDLE_LOADER = "$(TEST_HOST)";
				CODE_SIGN_STYLE = Automatic;
				CURRENT_PROJECT_VERSION = 1;
				DEVELOPMENT_TEAM = 8575R39T49;
				GENERATE_INFOPLIST_FILE = YES;
				IPHONEOS_DEPLOYMENT_TARGET = 15.5;
				MARKETING_VERSION = 1.0;
				PRODUCT_BUNDLE_IDENTIFIER = com.SandraYee001.InstagramTests;
				PRODUCT_NAME = "$(TARGET_NAME)";
				SWIFT_EMIT_LOC_STRINGS = NO;
				SWIFT_VERSION = 5.0;
				TARGETED_DEVICE_FAMILY = "1,2";
				TEST_HOST = "$(BUILT_PRODUCTS_DIR)/Instagram.app/Instagram";
			};
			name = Release;
		};
		948452B728FA77FB0029D6D1 /* Debug */ = {
			isa = XCBuildConfiguration;
			baseConfigurationReference = D4B885FC06E5CAFEA1B09FAD /* Pods-Instagram-InstagramUITests.debug.xcconfig */;
			buildSettings = {
				ALWAYS_EMBED_SWIFT_STANDARD_LIBRARIES = YES;
				CODE_SIGN_STYLE = Automatic;
				CURRENT_PROJECT_VERSION = 1;
				DEVELOPMENT_TEAM = 8575R39T49;
				GENERATE_INFOPLIST_FILE = YES;
				MARKETING_VERSION = 1.0;
				PRODUCT_BUNDLE_IDENTIFIER = com.SandraYee001.InstagramUITests;
				PRODUCT_NAME = "$(TARGET_NAME)";
				SWIFT_EMIT_LOC_STRINGS = NO;
				SWIFT_VERSION = 5.0;
				TARGETED_DEVICE_FAMILY = "1,2";
				TEST_TARGET_NAME = Instagram;
			};
			name = Debug;
		};
		948452B828FA77FB0029D6D1 /* Release */ = {
			isa = XCBuildConfiguration;
			baseConfigurationReference = F7CEF56F633A5E6550E84E72 /* Pods-Instagram-InstagramUITests.release.xcconfig */;
			buildSettings = {
				ALWAYS_EMBED_SWIFT_STANDARD_LIBRARIES = YES;
				CODE_SIGN_STYLE = Automatic;
				CURRENT_PROJECT_VERSION = 1;
				DEVELOPMENT_TEAM = 8575R39T49;
				GENERATE_INFOPLIST_FILE = YES;
				MARKETING_VERSION = 1.0;
				PRODUCT_BUNDLE_IDENTIFIER = com.SandraYee001.InstagramUITests;
				PRODUCT_NAME = "$(TARGET_NAME)";
				SWIFT_EMIT_LOC_STRINGS = NO;
				SWIFT_VERSION = 5.0;
				TARGETED_DEVICE_FAMILY = "1,2";
				TEST_TARGET_NAME = Instagram;
			};
			name = Release;
		};
/* End XCBuildConfiguration section */

/* Begin XCConfigurationList section */
		9484528128FA77F80029D6D1 /* Build configuration list for PBXProject "Instagram" */ = {
			isa = XCConfigurationList;
			buildConfigurations = (
				948452AE28FA77FB0029D6D1 /* Debug */,
				948452AF28FA77FB0029D6D1 /* Release */,
			);
			defaultConfigurationIsVisible = 0;
			defaultConfigurationName = Release;
		};
		948452B028FA77FB0029D6D1 /* Build configuration list for PBXNativeTarget "Instagram" */ = {
			isa = XCConfigurationList;
			buildConfigurations = (
				948452B128FA77FB0029D6D1 /* Debug */,
				948452B228FA77FB0029D6D1 /* Release */,
			);
			defaultConfigurationIsVisible = 0;
			defaultConfigurationName = Release;
		};
		948452B328FA77FB0029D6D1 /* Build configuration list for PBXNativeTarget "InstagramTests" */ = {
			isa = XCConfigurationList;
			buildConfigurations = (
				948452B428FA77FB0029D6D1 /* Debug */,
				948452B528FA77FB0029D6D1 /* Release */,
			);
			defaultConfigurationIsVisible = 0;
			defaultConfigurationName = Release;
		};
		948452B628FA77FB0029D6D1 /* Build configuration list for PBXNativeTarget "InstagramUITests" */ = {
			isa = XCConfigurationList;
			buildConfigurations = (
				948452B728FA77FB0029D6D1 /* Debug */,
				948452B828FA77FB0029D6D1 /* Release */,
			);
			defaultConfigurationIsVisible = 0;
			defaultConfigurationName = Release;
		};
/* End XCConfigurationList section */
	};
	rootObject = 9484527E28FA77F80029D6D1 /* Project object */;
}
